<?xml version="1.0" encoding="utf-8"?>
<Project ToolsVersion="4.0" xmlns="http://schemas.microsoft.com/developer/msbuild/2003">
  <ItemGroup>
    <Filter Include="Source Files">
      <UniqueIdentifier>{4FC737F1-C7A5-4376-A066-2A32D752A2FF}</UniqueIdentifier>
      <Extensions>cpp;c;cc;cxx;def;odl;idl;hpj;bat;asm;asmx</Extensions>
    </Filter>
    <Filter Include="Header Files">
      <UniqueIdentifier>{93995380-89BD-4b04-88EB-625FBE52EBFB}</UniqueIdentifier>
      <Extensions>h;hh;hpp;hxx;hm;inl;inc;xsd</Extensions>
    </Filter>
    <Filter Include="Resource Files">
      <UniqueIdentifier>{67DA6AB6-F800-4c08-8B7A-83BB121AAD01}</UniqueIdentifier>
      <Extensions>rc;ico;cur;bmp;dlg;rc2;rct;bin;rgs;gif;jpg;jpeg;jpe;resx;tiff;tif;png;wav;mfcribbon-ms</Extensions>
    </Filter>
  </ItemGroup>
  <ItemGroup>
    <ClCompile Include="Logowanie.cpp">
      <Filter>Source Files</Filter>
    </ClCompile>
    <ClCompile Include="OknoMenu.cpp">
      <Filter>Source Files</Filter>
    </ClCompile>
    <ClCompile Include="Klienci.cpp">
      <Filter>Source Files</Filter>
    </ClCompile>
    <ClCompile Include="Pracownicy.cpp">
      <Filter>Source Files</Filter>
    </ClCompile>
    <ClCompile Include="Samochody.cpp">
      <Filter>Source Files</Filter>
    </ClCompile>
    <ClCompile Include="Rezerwacja.cpp">
      <Filter>Source Files</Filter>
    </ClCompile>
    <ClCompile Include="ZmienHaslo.cpp">
      <Filter>Source Files</Filter>
    </ClCompile>
    <ClCompile Include="Trwajace.cpp">
      <Filter>Source Files</Filter>
    </ClCompile>
    <ClCompile Include="Zwrot.cpp">
      <Filter>Source Files</Filter>
    </ClCompile>
    <ClCompile Include="Faktura.cpp">
      <Filter>Source Files</Filter>
    </ClCompile>
    <ClCompile Include="PlatnosciMenu.cpp">
      <Filter>Source Files</Filter>
    </ClCompile>
    <ClCompile Include="FakturaLista.cpp">
      <Filter>Source Files</Filter>
    </ClCompile>
    <ClCompile Include="StatystykiAuta.cpp">
      <Filter>Source Files</Filter>
    </ClCompile>
    <ClCompile Include="OpisProjektu.cpp">
      <Filter>Source Files</Filter>
    </ClCompile>
  </ItemGroup>
  <ItemGroup>
    <ClInclude Include="Logowanie.h">
      <Filter>Header Files</Filter>
    </ClInclude>
    <ClInclude Include="OknoMenu.h">
      <Filter>Header Files</Filter>
    </ClInclude>
    <ClInclude Include="Klienci.h">
      <Filter>Header Files</Filter>
    </ClInclude>
    <ClInclude Include="resource.h">
      <Filter>Header Files</Filter>
    </ClInclude>
    <ClInclude Include="Pracownicy.h">
      <Filter>Header Files</Filter>
    </ClInclude>
    <ClInclude Include="Samochody.h">
      <Filter>Header Files</Filter>
    </ClInclude>
    <ClInclude Include="Rezerwacja.h">
      <Filter>Header Files</Filter>
    </ClInclude>
    <ClInclude Include="ZmienHaslo.h">
      <Filter>Header Files</Filter>
    </ClInclude>
    <ClInclude Include="Trwajace.h">
      <Filter>Header Files</Filter>
    </ClInclude>
    <ClInclude Include="Zwrot.h">
      <Filter>Header Files</Filter>
    </ClInclude>
    <ClInclude Include="Faktura.h">
      <Filter>Header Files</Filter>
    </ClInclude>
    <ClInclude Include="PlatnosciMenu.h">
      <Filter>Header Files</Filter>
    </ClInclude>
    <ClInclude Include="FakturaLista.h">
      <Filter>Header Files</Filter>
    </ClInclude>
    <ClInclude Include="StatystykiAuta.h">
      <Filter>Header Files</Filter>
    </ClInclude>
    <ClInclude Include="OpisProjektu.h">
      <Filter>Header Files</Filter>
    </ClInclude>
  </ItemGroup>
  <ItemGroup>
    <EmbeddedResource Include="Logowanie.resx">
      <Filter>Resource Files</Filter>
    </EmbeddedResource>
    <EmbeddedResource Include="Klienci.resx">
      <Filter>Resource Files</Filter>
    </EmbeddedResource>
    <EmbeddedResource Include="OknoMenu.resx">
      <Filter>Resource Files</Filter>
    </EmbeddedResource>
    <EmbeddedResource Include="Pracownicy.resx">
      <Filter>Resource Files</Filter>
    </EmbeddedResource>
    <EmbeddedResource Include="Samochody.resx">
      <Filter>Resource Files</Filter>
    </EmbeddedResource>
    <EmbeddedResource Include="Rezerwacja.resx">
      <Filter>Resource Files</Filter>
    </EmbeddedResource>
    <EmbeddedResource Include="ZmienHaslo.resx">
      <Filter>Resource Files</Filter>
    </EmbeddedResource>
    <EmbeddedResource Include="Trwajace.resx">
      <Filter>Resource Files</Filter>
    </EmbeddedResource>
    <EmbeddedResource Include="Zwrot.resx">
      <Filter>Resource Files</Filter>
    </EmbeddedResource>
    <EmbeddedResource Include="Faktura.resx">
      <Filter>Resource Files</Filter>
    </EmbeddedResource>
    <EmbeddedResource Include="PlatnosciMenu.resx">
      <Filter>Resource Files</Filter>
    </EmbeddedResource>
    <EmbeddedResource Include="FakturaLista.resx">
      <Filter>Resource Files</Filter>
    </EmbeddedResource>
    <EmbeddedResource Include="StatystykiAuta.resx">
      <Filter>Resource Files</Filter>
    </EmbeddedResource>
  </ItemGroup>
  <ItemGroup>
    <ResourceCompile Include="Wyporzyczalnia.rc">
      <Filter>Resource Files</Filter>
    </ResourceCompile>
  </ItemGroup>
</Project>